
Microsoft Visual Studio Solution File, Format Version 12.00
# Visual Studio Version 16
VisualStudioVersion = 16.0.29123.89
MinimumVisualStudioVersion = 10.0.40219.1
Project("{9A19103F-16F7-4668-BE54-9A1E7A4F7556}") = "SlidEnglish.Server", "SlidEnglish.Server\SlidEnglish.Server.csproj", "{CE94131D-4B92-4694-A271-38EB1C970059}"
EndProject
Project("{9A19103F-16F7-4668-BE54-9A1E7A4F7556}") = "SlidEnglish.Client", "SlidEnglish.Client\SlidEnglish.Client.csproj", "{17B33B02-49F5-4F88-91FD-F31681698E3D}"
EndProject
Project("{9A19103F-16F7-4668-BE54-9A1E7A4F7556}") = "SlidEnglish.Domain", "SlidEnglish.Shared\SlidEnglish.Domain.csproj", "{87123448-DD8F-42C9-B2B7-4A9FDEAD5B91}"
EndProject
Global
	GlobalSection(SolutionConfigurationPlatforms) = preSolution
		Debug|Any CPU = Debug|Any CPU
		Release|Any CPU = Release|Any CPU
	EndGlobalSection
	GlobalSection(ProjectConfigurationPlatforms) = postSolution
		{CE94131D-4B92-4694-A271-38EB1C970059}.Debug|Any CPU.ActiveCfg = Debug|Any CPU
		{CE94131D-4B92-4694-A271-38EB1C970059}.Debug|Any CPU.Build.0 = Debug|Any CPU
		{CE94131D-4B92-4694-A271-38EB1C970059}.Release|Any CPU.ActiveCfg = Release|Any CPU
		{CE94131D-4B92-4694-A271-38EB1C970059}.Release|Any CPU.Build.0 = Release|Any CPU
		{17B33B02-49F5-4F88-91FD-F31681698E3D}.Debug|Any CPU.ActiveCfg = Debug|Any CPU
		{17B33B02-49F5-4F88-91FD-F31681698E3D}.Debug|Any CPU.Build.0 = Debug|Any CPU
		{17B33B02-49F5-4F88-91FD-F31681698E3D}.Release|Any CPU.ActiveCfg = Release|Any CPU
		{17B33B02-49F5-4F88-91FD-F31681698E3D}.Release|Any CPU.Build.0 = Release|Any CPU
		{87123448-DD8F-42C9-B2B7-4A9FDEAD5B91}.Debug|Any CPU.ActiveCfg = Debug|Any CPU
		{87123448-DD8F-42C9-B2B7-4A9FDEAD5B91}.Debug|Any CPU.Build.0 = Debug|Any CPU
		{87123448-DD8F-42C9-B2B7-4A9FDEAD5B91}.Release|Any CPU.ActiveCfg = Release|Any CPU
		{87123448-DD8F-42C9-B2B7-4A9FDEAD5B91}.Release|Any CPU.Build.0 = Release|Any CPU
	EndGlobalSection
	GlobalSection(SolutionProperties) = preSolution
		HideSolutionNode = FALSE
	EndGlobalSection
	GlobalSection(ExtensibilityGlobals) = postSolution
		SolutionGuid = {D08B5FA1-524B-4A74-8119-5BF9B90B33AC}
	EndGlobalSection
EndGlobal
